
Microsoft Visual Studio Solution File, Format Version 12.00
# Visual Studio Version 17
VisualStudioVersion = 17.14.36408.4 d17.14
MinimumVisualStudioVersion = 10.0.40219.1
Project("{888888A0-9F3D-457C-B088-3A5042F75D52}") = "NEIRON", "NEIRON\NEIRON.pyproj", "{19BC8080-2211-4C7C-A63B-2B4C37D642AD}"
EndProject
Global
	GlobalSection(SolutionConfigurationPlatforms) = preSolution
		Debug|Any CPU = Debug|Any CPU
		Release|Any CPU = Release|Any CPU
	EndGlobalSection
	GlobalSection(ProjectConfigurationPlatforms) = postSolution
		{19BC8080-2211-4C7C-A63B-2B4C37D642AD}.Debug|Any CPU.ActiveCfg = Debug|Any CPU
		{19BC8080-2211-4C7C-A63B-2B4C37D642AD}.Release|Any CPU.ActiveCfg = Release|Any CPU
	EndGlobalSection
	GlobalSection(SolutionProperties) = preSolution
		HideSolutionNode = FALSE
	EndGlobalSection
	GlobalSection(ExtensibilityGlobals) = postSolution
		SolutionGuid = {03BDF567-5570-42D9-9516-AE1B9EAA9982}
	EndGlobalSection
EndGlobal
